Microsoft Visual Studio Solution File, Format Version 11.00
# Visual Studio 2010
Project("{8BC9CEB8-8B4A-11D0-8D11-00A0C91BC942}") = "quake2xp", "quake2.vcxproj", "{D3316DC4-E2AD-4884-BA0D-AE07AD407492}"
EndProject
Project("{8BC9CEB8-8B4A-11D0-8D11-00A0C91BC942}") = "gamex86xp", "game\game.vcxproj", "{2BA2BE84-54C6-4540-9CC3-0A61EEAC34C0}"
EndProject
Project("{8BC9CEB8-8B4A-11D0-8D11-00A0C91BC942}") = "3zb2bot", "3zb2src97\game1.vcxproj", "{5D3063DA-221B-499C-BB7E-FA18C3501693}"
EndProject
Project("{8BC9CEB8-8B4A-11D0-8D11-00A0C91BC942}") = "xatrix", "xsrc\xatrix.vcxproj", "{B923F8B9-AD77-5EC4-D6BC-D080AE78D98F}"
EndProject
Global
	GlobalSection(SolutionConfigurationPlatforms) = preSolution
		Debug Alpha|Any CPU = Debug Alpha|Any CPU
		Debug Alpha|Mixed Platforms = Debug Alpha|Mixed Platforms
		Debug Alpha|Win32 = Debug Alpha|Win32
		Debug Alpha|x64 = Debug Alpha|x64
		Debug Profile|Any CPU = Debug Profile|Any CPU
		Debug Profile|Mixed Platforms = Debug Profile|Mixed Platforms
		Debug Profile|Win32 = Debug Profile|Win32
		Debug Profile|x64 = Debug Profile|x64
		Debug|Any CPU = Debug|Any CPU
		Debug|Mixed Platforms = Debug|Mixed Platforms
		Debug|Win32 = Debug|Win32
		Debug|x64 = Debug|x64
		RECONING|Any CPU = RECONING|Any CPU
		RECONING|Mixed Platforms = RECONING|Mixed Platforms
		RECONING|Win32 = RECONING|Win32
		RECONING|x64 = RECONING|x64
		Release Alpha|Any CPU = Release Alpha|Any CPU
		Release Alpha|Mixed Platforms = Release Alpha|Mixed Platforms
		Release Alpha|Win32 = Release Alpha|Win32
		Release Alpha|x64 = Release Alpha|x64
		Release|Any CPU = Release|Any CPU
		Release|Mixed Platforms = Release|Mixed Platforms
		Release|Win32 = Release|Win32
		Release|x64 = Release|x64
		ZERO|Any CPU = ZERO|Any CPU
		ZERO|Mixed Platforms = ZERO|Mixed Platforms
		ZERO|Win32 = ZERO|Win32
		ZERO|x64 = ZERO|x64
	EndGlobalSection
	GlobalSection(ProjectConfigurationPlatforms) = postSolution
		{D3316DC4-E2AD-4884-BA0D-AE07AD407492}.Debug Alpha|Any CPU.ActiveCfg = Debug Alpha|x64
		{D3316DC4-E2AD-4884-BA0D-AE07AD407492}.Debug Alpha|Mixed Platforms.ActiveCfg = Debug Alpha|x64
		{D3316DC4-E2AD-4884-BA0D-AE07AD407492}.Debug Alpha|Mixed Platforms.Build.0 = Debug Alpha|x64
		{D3316DC4-E2AD-4884-BA0D-AE07AD407492}.Debug Alpha|Win32.ActiveCfg = Debug Alpha|Win32
		{D3316DC4-E2AD-4884-BA0D-AE07AD407492}.Debug Alpha|Win32.Build.0 = Debug Alpha|Win32
		{D3316DC4-E2AD-4884-BA0D-AE07AD407492}.Debug Alpha|x64.ActiveCfg = Debug Alpha|Win32
		{D3316DC4-E2AD-4884-BA0D-AE07AD407492}.Debug Profile|Any CPU.ActiveCfg = Debug Profile|x64
		{D3316DC4-E2AD-4884-BA0D-AE07AD407492}.Debug Profile|Mixed Platforms.ActiveCfg = Debug Profile|x64
		{D3316DC4-E2AD-4884-BA0D-AE07AD407492}.Debug Profile|Mixed Platforms.Build.0 = Debug Profile|x64
		{D3316DC4-E2AD-4884-BA0D-AE07AD407492}.Debug Profile|Win32.ActiveCfg = Debug Profile|Win32
		{D3316DC4-E2AD-4884-BA0D-AE07AD407492}.Debug Profile|Win32.Build.0 = Debug Profile|Win32
		{D3316DC4-E2AD-4884-BA0D-AE07AD407492}.Debug Profile|x64.ActiveCfg = Debug Profile|Win32
		{D3316DC4-E2AD-4884-BA0D-AE07AD407492}.Debug|Any CPU.ActiveCfg = Debug|x64
		{D3316DC4-E2AD-4884-BA0D-AE07AD407492}.Debug|Mixed Platforms.ActiveCfg = Debug|x64
		{D3316DC4-E2AD-4884-BA0D-AE07AD407492}.Debug|Mixed Platforms.Build.0 = Debug|x64
		{D3316DC4-E2AD-4884-BA0D-AE07AD407492}.Debug|Win32.ActiveCfg = Debug|Win32
		{D3316DC4-E2AD-4884-BA0D-AE07AD407492}.Debug|Win32.Build.0 = Debug|Win32
		{D3316DC4-E2AD-4884-BA0D-AE07AD407492}.Debug|x64.ActiveCfg = Debug|Win32
		{D3316DC4-E2AD-4884-BA0D-AE07AD407492}.RECONING|Any CPU.ActiveCfg = Release|x64
		{D3316DC4-E2AD-4884-BA0D-AE07AD407492}.RECONING|Mixed Platforms.ActiveCfg = Release|x64
		{D3316DC4-E2AD-4884-BA0D-AE07AD407492}.RECONING|Mixed Platforms.Build.0 = Release|x64
		{D3316DC4-E2AD-4884-BA0D-AE07AD407492}.RECONING|Win32.ActiveCfg = Release|Win32
		{D3316DC4-E2AD-4884-BA0D-AE07AD407492}.RECONING|Win32.Build.0 = Release|Win32
		{D3316DC4-E2AD-4884-BA0D-AE07AD407492}.RECONING|x64.ActiveCfg = Release|Win32
		{D3316DC4-E2AD-4884-BA0D-AE07AD407492}.Release Alpha|Any CPU.ActiveCfg = Release Alpha|x64
		{D3316DC4-E2AD-4884-BA0D-AE07AD407492}.Release Alpha|Mixed Platforms.ActiveCfg = Release Alpha|x64
		{D3316DC4-E2AD-4884-BA0D-AE07AD407492}.Release Alpha|Mixed Platforms.Build.0 = Release Alpha|x64
		{D3316DC4-E2AD-4884-BA0D-AE07AD407492}.Release Alpha|Win32.ActiveCfg = Release Alpha|Win32
		{D3316DC4-E2AD-4884-BA0D-AE07AD407492}.Release Alpha|Win32.Build.0 = Release Alpha|Win32
		{D3316DC4-E2AD-4884-BA0D-AE07AD407492}.Release Alpha|x64.ActiveCfg = Release Alpha|Win32
		{D3316DC4-E2AD-4884-BA0D-AE07AD407492}.Release|Any CPU.ActiveCfg = Release|x64
		{D3316DC4-E2AD-4884-BA0D-AE07AD407492}.Release|Mixed Platforms.ActiveCfg = Release|x64
		{D3316DC4-E2AD-4884-BA0D-AE07AD407492}.Release|Mixed Platforms.Build.0 = Release|x64
		{D3316DC4-E2AD-4884-BA0D-AE07AD407492}.Release|Win32.ActiveCfg = Release|Win32
		{D3316DC4-E2AD-4884-BA0D-AE07AD407492}.Release|Win32.Build.0 = Release|Win32
		{D3316DC4-E2AD-4884-BA0D-AE07AD407492}.Release|x64.ActiveCfg = Release|x64
		{D3316DC4-E2AD-4884-BA0D-AE07AD407492}.ZERO|Any CPU.ActiveCfg = Release|x64
		{D3316DC4-E2AD-4884-BA0D-AE07AD407492}.ZERO|Mixed Platforms.ActiveCfg = Release|x64
		{D3316DC4-E2AD-4884-BA0D-AE07AD407492}.ZERO|Mixed Platforms.Build.0 = Release|x64
		{D3316DC4-E2AD-4884-BA0D-AE07AD407492}.ZERO|Win32.ActiveCfg = Release|Win32
		{D3316DC4-E2AD-4884-BA0D-AE07AD407492}.ZERO|Win32.Build.0 = Release|Win32
		{D3316DC4-E2AD-4884-BA0D-AE07AD407492}.ZERO|x64.ActiveCfg = Release|Win32
		{2BA2BE84-54C6-4540-9CC3-0A61EEAC34C0}.Debug Alpha|Any CPU.ActiveCfg = Debug Alpha|x64
		{2BA2BE84-54C6-4540-9CC3-0A61EEAC34C0}.Debug Alpha|Mixed Platforms.ActiveCfg = Debug Alpha|x64
		{2BA2BE84-54C6-4540-9CC3-0A61EEAC34C0}.Debug Alpha|Mixed Platforms.Build.0 = Debug Alpha|x64
		{2BA2BE84-54C6-4540-9CC3-0A61EEAC34C0}.Debug Alpha|Win32.ActiveCfg = Debug Alpha|Win32
		{2BA2BE84-54C6-4540-9CC3-0A61EEAC34C0}.Debug Alpha|Win32.Build.0 = Debug Alpha|Win32
		{2BA2BE84-54C6-4540-9CC3-0A61EEAC34C0}.Debug Alpha|x64.ActiveCfg = Debug Alpha|x64
		{2BA2BE84-54C6-4540-9CC3-0A61EEAC34C0}.Debug Alpha|x64.Build.0 = Debug Alpha|x64
		{2BA2BE84-54C6-4540-9CC3-0A61EEAC34C0}.Debug Profile|Any CPU.ActiveCfg = Debug Alpha|x64
		{2BA2BE84-54C6-4540-9CC3-0A61EEAC34C0}.Debug Profile|Mixed Platforms.ActiveCfg = Debug Alpha|x64
		{2BA2BE84-54C6-4540-9CC3-0A61EEAC34C0}.Debug Profile|Mixed Platforms.Build.0 = Debug Alpha|x64
		{2BA2BE84-54C6-4540-9CC3-0A61EEAC34C0}.Debug Profile|Win32.ActiveCfg = Debug|Win32
		{2BA2BE84-54C6-4540-9CC3-0A61EEAC34C0}.Debug Profile|Win32.Build.0 = Debug|Win32
		{2BA2BE84-54C6-4540-9CC3-0A61EEAC34C0}.Debug Profile|x64.ActiveCfg = Debug Alpha|x64
		{2BA2BE84-54C6-4540-9CC3-0A61EEAC34C0}.Debug Profile|x64.Build.0 = Debug Alpha|x64
		{2BA2BE84-54C6-4540-9CC3-0A61EEAC34C0}.Debug|Any CPU.ActiveCfg = Debug|x64
		{2BA2BE84-54C6-4540-9CC3-0A61EEAC34C0}.Debug|Mixed Platforms.ActiveCfg = Debug|x64
		{2BA2BE84-54C6-4540-9CC3-0A61EEAC34C0}.Debug|Mixed Platforms.Build.0 = Debug|x64
		{2BA2BE84-54C6-4540-9CC3-0A61EEAC34C0}.Debug|Win32.ActiveCfg = Debug|Win32
		{2BA2BE84-54C6-4540-9CC3-0A61EEAC34C0}.Debug|Win32.Build.0 = Debug|Win32
		{2BA2BE84-54C6-4540-9CC3-0A61EEAC34C0}.Debug|x64.ActiveCfg = Debug|Win32
		{2BA2BE84-54C6-4540-9CC3-0A61EEAC34C0}.Debug|x64.Build.0 = Debug|Win32
		{2BA2BE84-54C6-4540-9CC3-0A61EEAC34C0}.RECONING|Any CPU.ActiveCfg = Release|x64
		{2BA2BE84-54C6-4540-9CC3-0A61EEAC34C0}.RECONING|Mixed Platforms.ActiveCfg = Release|x64
		{2BA2BE84-54C6-4540-9CC3-0A61EEAC34C0}.RECONING|Mixed Platforms.Build.0 = Release|x64
		{2BA2BE84-54C6-4540-9CC3-0A61EEAC34C0}.RECONING|Win32.ActiveCfg = Release|Win32
		{2BA2BE84-54C6-4540-9CC3-0A61EEAC34C0}.RECONING|Win32.Build.0 = Release|Win32
		{2BA2BE84-54C6-4540-9CC3-0A61EEAC34C0}.RECONING|x64.ActiveCfg = Release|x64
		{2BA2BE84-54C6-4540-9CC3-0A61EEAC34C0}.RECONING|x64.Build.0 = Release|x64
		{2BA2BE84-54C6-4540-9CC3-0A61EEAC34C0}.Release Alpha|Any CPU.ActiveCfg = Release Alpha|x64
		{2BA2BE84-54C6-4540-9CC3-0A61EEAC34C0}.Release Alpha|Mixed Platforms.ActiveCfg = Release Alpha|x64
		{2BA2BE84-54C6-4540-9CC3-0A61EEAC34C0}.Release Alpha|Mixed Platforms.Build.0 = Release Alpha|x64
		{2BA2BE84-54C6-4540-9CC3-0A61EEAC34C0}.Release Alpha|Win32.ActiveCfg = Release Alpha|Win32
		{2BA2BE84-54C6-4540-9CC3-0A61EEAC34C0}.Release Alpha|Win32.Build.0 = Release Alpha|Win32
		{2BA2BE84-54C6-4540-9CC3-0A61EEAC34C0}.Release Alpha|x64.ActiveCfg = Release Alpha|x64
		{2BA2BE84-54C6-4540-9CC3-0A61EEAC34C0}.Release Alpha|x64.Build.0 = Release Alpha|x64
		{2BA2BE84-54C6-4540-9CC3-0A61EEAC34C0}.Release|Any CPU.ActiveCfg = Release|x64
		{2BA2BE84-54C6-4540-9CC3-0A61EEAC34C0}.Release|Mixed Platforms.ActiveCfg = Release|x64
		{2BA2BE84-54C6-4540-9CC3-0A61EEAC34C0}.Release|Mixed Platforms.Build.0 = Release|x64
		{2BA2BE84-54C6-4540-9CC3-0A61EEAC34C0}.Release|Win32.ActiveCfg = Release|Win32
		{2BA2BE84-54C6-4540-9CC3-0A61EEAC34C0}.Release|Win32.Build.0 = Release|Win32
		{2BA2BE84-54C6-4540-9CC3-0A61EEAC34C0}.Release|x64.ActiveCfg = Release|x64
		{2BA2BE84-54C6-4540-9CC3-0A61EEAC34C0}.Release|x64.Build.0 = Release|x64
		{2BA2BE84-54C6-4540-9CC3-0A61EEAC34C0}.ZERO|Any CPU.ActiveCfg = Release|x64
		{2BA2BE84-54C6-4540-9CC3-0A61EEAC34C0}.ZERO|Mixed Platforms.ActiveCfg = Release|x64
		{2BA2BE84-54C6-4540-9CC3-0A61EEAC34C0}.ZERO|Mixed Platforms.Build.0 = Release|x64
		{2BA2BE84-54C6-4540-9CC3-0A61EEAC34C0}.ZERO|Win32.ActiveCfg = Release|Win32
		{2BA2BE84-54C6-4540-9CC3-0A61EEAC34C0}.ZERO|Win32.Build.0 = Release|Win32
		{2BA2BE84-54C6-4540-9CC3-0A61EEAC34C0}.ZERO|x64.ActiveCfg = Release|x64
		{2BA2BE84-54C6-4540-9CC3-0A61EEAC34C0}.ZERO|x64.Build.0 = Release|x64
		{5D3063DA-221B-499C-BB7E-FA18C3501693}.Debug Alpha|Any CPU.ActiveCfg = Debug Alpha|x64
		{5D3063DA-221B-499C-BB7E-FA18C3501693}.Debug Alpha|Mixed Platforms.ActiveCfg = Debug Alpha|x64
		{5D3063DA-221B-499C-BB7E-FA18C3501693}.Debug Alpha|Mixed Platforms.Build.0 = Debug Alpha|x64
		{5D3063DA-221B-499C-BB7E-FA18C3501693}.Debug Alpha|Win32.ActiveCfg = Debug Alpha|Win32
		{5D3063DA-221B-499C-BB7E-FA18C3501693}.Debug Alpha|Win32.Build.0 = Debug Alpha|Win32
		{5D3063DA-221B-499C-BB7E-FA18C3501693}.Debug Alpha|x64.ActiveCfg = Debug Alpha|x64
		{5D3063DA-221B-499C-BB7E-FA18C3501693}.Debug Alpha|x64.Build.0 = Debug Alpha|x64
		{5D3063DA-221B-499C-BB7E-FA18C3501693}.Debug Profile|Any CPU.ActiveCfg = Debug Alpha|x64
		{5D3063DA-221B-499C-BB7E-FA18C3501693}.Debug Profile|Mixed Platforms.ActiveCfg = Debug Alpha|x64
		{5D3063DA-221B-499C-BB7E-FA18C3501693}.Debug Profile|Mixed Platforms.Build.0 = Debug Alpha|x64
		{5D3063DA-221B-499C-BB7E-FA18C3501693}.Debug Profile|Win32.ActiveCfg = Debug Alpha|Win32
		{5D3063DA-221B-499C-BB7E-FA18C3501693}.Debug Profile|Win32.Build.0 = Debug Alpha|Win32
		{5D3063DA-221B-499C-BB7E-FA18C3501693}.Debug Profile|x64.ActiveCfg = Debug Alpha|x64
		{5D3063DA-221B-499C-BB7E-FA18C3501693}.Debug Profile|x64.Build.0 = Debug Alpha|x64
		{5D3063DA-221B-499C-BB7E-FA18C3501693}.Debug|Any CPU.ActiveCfg = Debug|x64
		{5D3063DA-221B-499C-BB7E-FA18C3501693}.Debug|Mixed Platforms.ActiveCfg = Debug|x64
		{5D3063DA-221B-499C-BB7E-FA18C3501693}.Debug|Mixed Platforms.Build.0 = Debug|x64
		{5D3063DA-221B-499C-BB7E-FA18C3501693}.Debug|Win32.ActiveCfg = Debug|Win32
		{5D3063DA-221B-499C-BB7E-FA18C3501693}.Debug|Win32.Build.0 = Debug|Win32
		{5D3063DA-221B-499C-BB7E-FA18C3501693}.Debug|x64.ActiveCfg = Debug|Win32
		{5D3063DA-221B-499C-BB7E-FA18C3501693}.Debug|x64.Build.0 = Debug|Win32
		{5D3063DA-221B-499C-BB7E-FA18C3501693}.RECONING|Any CPU.ActiveCfg = Release|x64
		{5D3063DA-221B-499C-BB7E-FA18C3501693}.RECONING|Mixed Platforms.ActiveCfg = Release|x64
		{5D3063DA-221B-499C-BB7E-FA18C3501693}.RECONING|Mixed Platforms.Build.0 = Release|x64
		{5D3063DA-221B-499C-BB7E-FA18C3501693}.RECONING|Win32.ActiveCfg = Release|Win32
		{5D3063DA-221B-499C-BB7E-FA18C3501693}.RECONING|Win32.Build.0 = Release|Win32
		{5D3063DA-221B-499C-BB7E-FA18C3501693}.RECONING|x64.ActiveCfg = Release|x64
		{5D3063DA-221B-499C-BB7E-FA18C3501693}.RECONING|x64.Build.0 = Release|x64
		{5D3063DA-221B-499C-BB7E-FA18C3501693}.Release Alpha|Any CPU.ActiveCfg = Release Alpha|x64
		{5D3063DA-221B-499C-BB7E-FA18C3501693}.Release Alpha|Mixed Platforms.ActiveCfg = Release Alpha|x64
		{5D3063DA-221B-499C-BB7E-FA18C3501693}.Release Alpha|Mixed Platforms.Build.0 = Release Alpha|x64
		{5D3063DA-221B-499C-BB7E-FA18C3501693}.Release Alpha|Win32.ActiveCfg = Release Alpha|Win32
		{5D3063DA-221B-499C-BB7E-FA18C3501693}.Release Alpha|Win32.Build.0 = Release Alpha|Win32
		{5D3063DA-221B-499C-BB7E-FA18C3501693}.Release Alpha|x64.ActiveCfg = Release Alpha|x64
		{5D3063DA-221B-499C-BB7E-FA18C3501693}.Release Alpha|x64.Build.0 = Release Alpha|x64
		{5D3063DA-221B-499C-BB7E-FA18C3501693}.Release|Any CPU.ActiveCfg = Release|x64
		{5D3063DA-221B-499C-BB7E-FA18C3501693}.Release|Mixed Platforms.ActiveCfg = Release|x64
		{5D3063DA-221B-499C-BB7E-FA18C3501693}.Release|Mixed Platforms.Build.0 = Release|x64
		{5D3063DA-221B-499C-BB7E-FA18C3501693}.Release|Win32.ActiveCfg = Release|Win32
		{5D3063DA-221B-499C-BB7E-FA18C3501693}.Release|Win32.Build.0 = Release|Win32
		{5D3063DA-221B-499C-BB7E-FA18C3501693}.Release|x64.ActiveCfg = Release|x64
		{5D3063DA-221B-499C-BB7E-FA18C3501693}.Release|x64.Build.0 = Release|x64
		{5D3063DA-221B-499C-BB7E-FA18C3501693}.ZERO|Any CPU.ActiveCfg = Release|x64
		{5D3063DA-221B-499C-BB7E-FA18C3501693}.ZERO|Mixed Platforms.ActiveCfg = Release|x64
		{5D3063DA-221B-499C-BB7E-FA18C3501693}.ZERO|Mixed Platforms.Build.0 = Release|x64
		{5D3063DA-221B-499C-BB7E-FA18C3501693}.ZERO|Win32.ActiveCfg = Release|Win32
		{5D3063DA-221B-499C-BB7E-FA18C3501693}.ZERO|Win32.Build.0 = Release|Win32
		{5D3063DA-221B-499C-BB7E-FA18C3501693}.ZERO|x64.ActiveCfg = Release|x64
		{5D3063DA-221B-499C-BB7E-FA18C3501693}.ZERO|x64.Build.0 = Release|x64
		{B923F8B9-AD77-5EC4-D6BC-D080AE78D98F}.Debug Alpha|Any CPU.ActiveCfg = Debug Alpha|Win32
		{B923F8B9-AD77-5EC4-D6BC-D080AE78D98F}.Debug Alpha|Mixed Platforms.ActiveCfg = Debug Alpha|Win32
		{B923F8B9-AD77-5EC4-D6BC-D080AE78D98F}.Debug Alpha|Mixed Platforms.Build.0 = Debug Alpha|Win32
		{B923F8B9-AD77-5EC4-D6BC-D080AE78D98F}.Debug Alpha|Win32.ActiveCfg = Debug Alpha|Win32
		{B923F8B9-AD77-5EC4-D6BC-D080AE78D98F}.Debug Alpha|Win32.Build.0 = Debug Alpha|Win32
		{B923F8B9-AD77-5EC4-D6BC-D080AE78D98F}.Debug Alpha|x64.ActiveCfg = Debug Alpha|Win32
		{B923F8B9-AD77-5EC4-D6BC-D080AE78D98F}.Debug Profile|Any CPU.ActiveCfg = Debug Alpha|Win32
		{B923F8B9-AD77-5EC4-D6BC-D080AE78D98F}.Debug Profile|Mixed Platforms.ActiveCfg = Debug Alpha|Win32
		{B923F8B9-AD77-5EC4-D6BC-D080AE78D98F}.Debug Profile|Mixed Platforms.Build.0 = Debug Alpha|Win32
		{B923F8B9-AD77-5EC4-D6BC-D080AE78D98F}.Debug Profile|Win32.ActiveCfg = Debug Alpha|Win32
		{B923F8B9-AD77-5EC4-D6BC-D080AE78D98F}.Debug Profile|Win32.Build.0 = Debug Alpha|Win32
		{B923F8B9-AD77-5EC4-D6BC-D080AE78D98F}.Debug Profile|x64.ActiveCfg = Debug Alpha|Win32
		{B923F8B9-AD77-5EC4-D6BC-D080AE78D98F}.Debug|Any CPU.ActiveCfg = Debug|Win32
		{B923F8B9-AD77-5EC4-D6BC-D080AE78D98F}.Debug|Mixed Platforms.ActiveCfg = Debug|Win32
		{B923F8B9-AD77-5EC4-D6BC-D080AE78D98F}.Debug|Mixed Platforms.Build.0 = Debug|Win32
		{B923F8B9-AD77-5EC4-D6BC-D080AE78D98F}.Debug|Win32.ActiveCfg = Debug|Win32
		{B923F8B9-AD77-5EC4-D6BC-D080AE78D98F}.Debug|Win32.Build.0 = Debug|Win32
		{B923F8B9-AD77-5EC4-D6BC-D080AE78D98F}.Debug|x64.ActiveCfg = Debug|Win32
		{B923F8B9-AD77-5EC4-D6BC-D080AE78D98F}.RECONING|Any CPU.ActiveCfg = Release|Win32
		{B923F8B9-AD77-5EC4-D6BC-D080AE78D98F}.RECONING|Mixed Platforms.ActiveCfg = Release|Win32
		{B923F8B9-AD77-5EC4-D6BC-D080AE78D98F}.RECONING|Mixed Platforms.Build.0 = Release|Win32
		{B923F8B9-AD77-5EC4-D6BC-D080AE78D98F}.RECONING|Win32.ActiveCfg = Release|Win32
		{B923F8B9-AD77-5EC4-D6BC-D080AE78D98F}.RECONING|Win32.Build.0 = Release|Win32
		{B923F8B9-AD77-5EC4-D6BC-D080AE78D98F}.RECONING|x64.ActiveCfg = Release|Win32
		{B923F8B9-AD77-5EC4-D6BC-D080AE78D98F}.Release Alpha|Any CPU.ActiveCfg = Release Alpha|Win32
		{B923F8B9-AD77-5EC4-D6BC-D080AE78D98F}.Release Alpha|Mixed Platforms.ActiveCfg = Release Alpha|Win32
		{B923F8B9-AD77-5EC4-D6BC-D080AE78D98F}.Release Alpha|Mixed Platforms.Build.0 = Release Alpha|Win32
		{B923F8B9-AD77-5EC4-D6BC-D080AE78D98F}.Release Alpha|Win32.ActiveCfg = Release Alpha|Win32
		{B923F8B9-AD77-5EC4-D6BC-D080AE78D98F}.Release Alpha|Win32.Build.0 = Release Alpha|Win32
		{B923F8B9-AD77-5EC4-D6BC-D080AE78D98F}.Release Alpha|x64.ActiveCfg = Release Alpha|Win32
		{B923F8B9-AD77-5EC4-D6BC-D080AE78D98F}.Release|Any CPU.ActiveCfg = Release|Win32
		{B923F8B9-AD77-5EC4-D6BC-D080AE78D98F}.Release|Mixed Platforms.ActiveCfg = Release|Win32
		{B923F8B9-AD77-5EC4-D6BC-D080AE78D98F}.Release|Mixed Platforms.Build.0 = Release|Win32
		{B923F8B9-AD77-5EC4-D6BC-D080AE78D98F}.Release|Win32.ActiveCfg = Release|Win32
		{B923F8B9-AD77-5EC4-D6BC-D080AE78D98F}.Release|Win32.Build.0 = Release|Win32
		{B923F8B9-AD77-5EC4-D6BC-D080AE78D98F}.Release|x64.ActiveCfg = Release|Win32
		{B923F8B9-AD77-5EC4-D6BC-D080AE78D98F}.ZERO|Any CPU.ActiveCfg = Release|Win32
		{B923F8B9-AD77-5EC4-D6BC-D080AE78D98F}.ZERO|Mixed Platforms.ActiveCfg = Release|Win32
		{B923F8B9-AD77-5EC4-D6BC-D080AE78D98F}.ZERO|Mixed Platforms.Build.0 = Release|Win32
		{B923F8B9-AD77-5EC4-D6BC-D080AE78D98F}.ZERO|Win32.ActiveCfg = Release|Win32
		{B923F8B9-AD77-5EC4-D6BC-D080AE78D98F}.ZERO|Win32.Build.0 = Release|Win32
		{B923F8B9-AD77-5EC4-D6BC-D080AE78D98F}.ZERO|x64.ActiveCfg = Release|Win32
	EndGlobalSection
	GlobalSection(SolutionProperties) = preSolution
		HideSolutionNode = FALSE
	EndGlobalSection
EndGlobal
