Microsoft Visual Studio Solution File, Format Version 7.00
Project("{8BC9CEB8-8B4A-11D0-8D11-00A0C91BC942}") = "game", "game.vcproj", "{3170DEC8-A67A-4FC4-B504-B240337A4921}"
EndProject
Global
	GlobalSection(SolutionConfiguration) = preSolution
		ConfigName.0 = Debug
		ConfigName.1 = Debug Alpha
		ConfigName.2 = Release
		ConfigName.3 = Release Alpha
	EndGlobalSection
	GlobalSection(ProjectDependencies) = postSolution
	EndGlobalSection
	GlobalSection(ProjectConfiguration) = postSolution
		{3170DEC8-A67A-4FC4-B504-B240337A4921}.Debug.ActiveCfg = Debug|Win32
		{3170DEC8-A67A-4FC4-B504-B240337A4921}.Debug.Build.0 = Debug|Win32
		{3170DEC8-A67A-4FC4-B504-B240337A4921}.Debug Alpha.ActiveCfg = Debug Alpha|Win32
		{3170DEC8-A67A-4FC4-B504-B240337A4921}.Debug Alpha.Build.0 = Debug Alpha|Win32
		{3170DEC8-A67A-4FC4-B504-B240337A4921}.Release.ActiveCfg = Release|Win32
		{3170DEC8-A67A-4FC4-B504-B240337A4921}.Release.Build.0 = Release|Win32
		{3170DEC8-A67A-4FC4-B504-B240337A4921}.Release Alpha.ActiveCfg = Release Alpha|Win32
		{3170DEC8-A67A-4FC4-B504-B240337A4921}.Release Alpha.Build.0 = Release Alpha|Win32
	EndGlobalSection
	GlobalSection(ExtensibilityGlobals) = postSolution
	EndGlobalSection
	GlobalSection(ExtensibilityAddIns) = postSolution
	EndGlobalSection
EndGlobal
