Microsoft Visual Studio Solution File, Format Version 11.00
# Visual Studio 2010
Project("{8BC9CEB8-8B4A-11D0-8D11-00A0C91BC942}") = "qbsp3", "qbsp3\qbsp3.vcxproj", "{6DA3066D-7BEC-4E77-9410-3C2CCD5085D4}"
EndProject
Project("{8BC9CEB8-8B4A-11D0-8D11-00A0C91BC942}") = "qvis3", "qvis3\qvis3.vcxproj", "{7D8704BB-6967-4FE9-A9E8-87483B782226}"
EndProject
Project("{8BC9CEB8-8B4A-11D0-8D11-00A0C91BC942}") = "qrad3", "qrad3\qrad3.vcxproj", "{D065BA2B-DE11-4E2C-AEE8-BA8AD9A05189}"
EndProject
Project("{8BC9CEB8-8B4A-11D0-8D11-00A0C91BC942}") = "bspinfo3", "bspinfo3\bspinfo3.vcxproj", "{6B5B23CB-A1A1-4E89-9D74-36EE29BCBFAF}"
EndProject
Global
	GlobalSection(SolutionConfigurationPlatforms) = preSolution
		Debug|Win32 = Debug|Win32
		Release|Win32 = Release|Win32
	EndGlobalSection
	GlobalSection(ProjectConfigurationPlatforms) = postSolution
		{6DA3066D-7BEC-4E77-9410-3C2CCD5085D4}.Debug|Win32.ActiveCfg = Debug|Win32
		{6DA3066D-7BEC-4E77-9410-3C2CCD5085D4}.Debug|Win32.Build.0 = Debug|Win32
		{6DA3066D-7BEC-4E77-9410-3C2CCD5085D4}.Release|Win32.ActiveCfg = Release|Win32
		{6DA3066D-7BEC-4E77-9410-3C2CCD5085D4}.Release|Win32.Build.0 = Release|Win32
		{7D8704BB-6967-4FE9-A9E8-87483B782226}.Debug|Win32.ActiveCfg = Debug|Win32
		{7D8704BB-6967-4FE9-A9E8-87483B782226}.Debug|Win32.Build.0 = Debug|Win32
		{7D8704BB-6967-4FE9-A9E8-87483B782226}.Release|Win32.ActiveCfg = Release|Win32
		{7D8704BB-6967-4FE9-A9E8-87483B782226}.Release|Win32.Build.0 = Release|Win32
		{D065BA2B-DE11-4E2C-AEE8-BA8AD9A05189}.Debug|Win32.ActiveCfg = Debug|Win32
		{D065BA2B-DE11-4E2C-AEE8-BA8AD9A05189}.Debug|Win32.Build.0 = Debug|Win32
		{D065BA2B-DE11-4E2C-AEE8-BA8AD9A05189}.Release|Win32.ActiveCfg = Release|Win32
		{D065BA2B-DE11-4E2C-AEE8-BA8AD9A05189}.Release|Win32.Build.0 = Release|Win32
		{6B5B23CB-A1A1-4E89-9D74-36EE29BCBFAF}.Debug|Win32.ActiveCfg = Debug|Win32
		{6B5B23CB-A1A1-4E89-9D74-36EE29BCBFAF}.Debug|Win32.Build.0 = Debug|Win32
		{6B5B23CB-A1A1-4E89-9D74-36EE29BCBFAF}.Release|Win32.ActiveCfg = Release|Win32
		{6B5B23CB-A1A1-4E89-9D74-36EE29BCBFAF}.Release|Win32.Build.0 = Release|Win32
	EndGlobalSection
	GlobalSection(SolutionProperties) = preSolution
		HideSolutionNode = FALSE
	EndGlobalSection
EndGlobal
